
Microsoft Visual Studio Solution File, Format Version 12.00
# Visual Studio Version 16
VisualStudioVersion = 16.0.31005.135
MinimumVisualStudioVersion = 10.0.40219.1
Project("{FAE04EC0-301F-11D3-BF4B-00C04F79EFBC}") = "ProductOfConsecutiveFibNumbers", "ProductOfConsecutiveFibNumbers\ProductOfConsecutiveFibNumbers.csproj", "{A635CD62-FBB9-4FA5-8B00-990F471C7CF5}"
EndProject
Global
	GlobalSection(SolutionConfigurationPlatforms) = preSolution
		Debug|Any CPU = Debug|Any CPU
		Release|Any CPU = Release|Any CPU
	EndGlobalSection
	GlobalSection(ProjectConfigurationPlatforms) = postSolution
		{A635CD62-FBB9-4FA5-8B00-990F471C7CF5}.Debug|Any CPU.ActiveCfg = Debug|Any CPU
		{A635CD62-FBB9-4FA5-8B00-990F471C7CF5}.Debug|Any CPU.Build.0 = Debug|Any CPU
		{A635CD62-FBB9-4FA5-8B00-990F471C7CF5}.Release|Any CPU.ActiveCfg = Release|Any CPU
		{A635CD62-FBB9-4FA5-8B00-990F471C7CF5}.Release|Any CPU.Build.0 = Release|Any CPU
	EndGlobalSection
	GlobalSection(SolutionProperties) = preSolution
		HideSolutionNode = FALSE
	EndGlobalSection
	GlobalSection(ExtensibilityGlobals) = postSolution
		SolutionGuid = {FB4FF3C9-898D-4847-A189-A53CBA7C6AE6}
	EndGlobalSection
EndGlobal
